
Microsoft Visual Studio Solution File, Format Version 12.00
# Visual Studio Version 17
VisualStudioVersion = 17.3.32922.545
MinimumVisualStudioVersion = 10.0.40219.1
Project("{FAE04EC0-301F-11D3-BF4B-00C04F79EFBC}") = "hfmn", "prikolna\hfmn.csproj", "{590B975D-2A49-44E0-9213-9321C9BB0A6D}"
EndProject
Global
	GlobalSection(SolutionConfigurationPlatforms) = preSolution
		Debug|Any CPU = Debug|Any CPU
		Release|Any CPU = Release|Any CPU
	EndGlobalSection
	GlobalSection(ProjectConfigurationPlatforms) = postSolution
		{590B975D-2A49-44E0-9213-9321C9BB0A6D}.Debug|Any CPU.ActiveCfg = Debug|Any CPU
		{590B975D-2A49-44E0-9213-9321C9BB0A6D}.Debug|Any CPU.Build.0 = Debug|Any CPU
		{590B975D-2A49-44E0-9213-9321C9BB0A6D}.Release|Any CPU.ActiveCfg = Release|Any CPU
		{590B975D-2A49-44E0-9213-9321C9BB0A6D}.Release|Any CPU.Build.0 = Release|Any CPU
	EndGlobalSection
	GlobalSection(SolutionProperties) = preSolution
		HideSolutionNode = FALSE
	EndGlobalSection
	GlobalSection(ExtensibilityGlobals) = postSolution
		SolutionGuid = {93218E10-EE6D-40AB-BE9A-D0367993D410}
	EndGlobalSection
EndGlobal
