
Microsoft Visual Studio Solution File, Format Version 12.00
# Visual Studio Version 17
VisualStudioVersion = 17.3.32922.545
MinimumVisualStudioVersion = 10.0.40219.1
Project("{FAE04EC0-301F-11D3-BF4B-00C04F79EFBC}") = "lab_4", "lab_4\lab_4.csproj", "{6473BED4-BF1D-409A-A229-BD700D661836}"
EndProject
Global
	GlobalSection(SolutionConfigurationPlatforms) = preSolution
		Debug|Any CPU = Debug|Any CPU
		Release|Any CPU = Release|Any CPU
	EndGlobalSection
	GlobalSection(ProjectConfigurationPlatforms) = postSolution
		{6473BED4-BF1D-409A-A229-BD700D661836}.Debug|Any CPU.ActiveCfg = Debug|Any CPU
		{6473BED4-BF1D-409A-A229-BD700D661836}.Debug|Any CPU.Build.0 = Debug|Any CPU
		{6473BED4-BF1D-409A-A229-BD700D661836}.Release|Any CPU.ActiveCfg = Release|Any CPU
		{6473BED4-BF1D-409A-A229-BD700D661836}.Release|Any CPU.Build.0 = Release|Any CPU
	EndGlobalSection
	GlobalSection(SolutionProperties) = preSolution
		HideSolutionNode = FALSE
	EndGlobalSection
	GlobalSection(ExtensibilityGlobals) = postSolution
		SolutionGuid = {9872560D-E250-43DF-8234-49E999D0790D}
	EndGlobalSection
EndGlobal
