
Microsoft Visual Studio Solution File, Format Version 12.00
# Visual Studio Version 17
VisualStudioVersion = 17.3.32922.545
MinimumVisualStudioVersion = 10.0.40219.1
Project("{FAE04EC0-301F-11D3-BF4B-00C04F79EFBC}") = "lab_4", "lab_4\lab_4.csproj", "{CF1001AB-D3FF-4E64-9E8C-0A0D056213F1}"
EndProject
Global
	GlobalSection(SolutionConfigurationPlatforms) = preSolution
		Debug|Any CPU = Debug|Any CPU
		Release|Any CPU = Release|Any CPU
	EndGlobalSection
	GlobalSection(ProjectConfigurationPlatforms) = postSolution
		{CF1001AB-D3FF-4E64-9E8C-0A0D056213F1}.Debug|Any CPU.ActiveCfg = Debug|Any CPU
		{CF1001AB-D3FF-4E64-9E8C-0A0D056213F1}.Debug|Any CPU.Build.0 = Debug|Any CPU
		{CF1001AB-D3FF-4E64-9E8C-0A0D056213F1}.Release|Any CPU.ActiveCfg = Release|Any CPU
		{CF1001AB-D3FF-4E64-9E8C-0A0D056213F1}.Release|Any CPU.Build.0 = Release|Any CPU
	EndGlobalSection
	GlobalSection(SolutionProperties) = preSolution
		HideSolutionNode = FALSE
	EndGlobalSection
	GlobalSection(ExtensibilityGlobals) = postSolution
		SolutionGuid = {55A1A2E8-0DC8-48B3-B109-984CF9ABEAF8}
	EndGlobalSection
EndGlobal
