
Microsoft Visual Studio Solution File, Format Version 12.00
# Visual Studio Version 17
VisualStudioVersion = 17.3.32922.545
MinimumVisualStudioVersion = 10.0.40219.1
Project("{FAE04EC0-301F-11D3-BF4B-00C04F79EFBC}") = "lab1.2", "lab1.2\lab1.2.csproj", "{408F79EA-8847-48A6-A7A2-8BD3E9C0F550}"
EndProject
Global
	GlobalSection(SolutionConfigurationPlatforms) = preSolution
		Debug|Any CPU = Debug|Any CPU
		Release|Any CPU = Release|Any CPU
	EndGlobalSection
	GlobalSection(ProjectConfigurationPlatforms) = postSolution
		{408F79EA-8847-48A6-A7A2-8BD3E9C0F550}.Debug|Any CPU.ActiveCfg = Debug|Any CPU
		{408F79EA-8847-48A6-A7A2-8BD3E9C0F550}.Debug|Any CPU.Build.0 = Debug|Any CPU
		{408F79EA-8847-48A6-A7A2-8BD3E9C0F550}.Release|Any CPU.ActiveCfg = Release|Any CPU
		{408F79EA-8847-48A6-A7A2-8BD3E9C0F550}.Release|Any CPU.Build.0 = Release|Any CPU
	EndGlobalSection
	GlobalSection(SolutionProperties) = preSolution
		HideSolutionNode = FALSE
	EndGlobalSection
	GlobalSection(ExtensibilityGlobals) = postSolution
		SolutionGuid = {096D82CA-DD05-4C71-9CDD-2B5483E98525}
	EndGlobalSection
EndGlobal
